
Microsoft Visual Studio Solution File, Format Version 12.00
# Visual Studio Version 16
VisualStudioVersion = 16.0.30503.244
MinimumVisualStudioVersion = 10.0.40219.1
Project("{FAE04EC0-301F-11D3-BF4B-00C04F79EFBC}") = "ChatClient.App", "ChatClient.App\ChatClient.App.csproj", "{4C86C6FF-87DB-4751-82BE-41B6938C69C0}"
EndProject
Project("{FAE04EC0-301F-11D3-BF4B-00C04F79EFBC}") = "ChatClient.Domain", "ChatClient.Domain\ChatClient.Domain.csproj", "{2307425A-3A79-4365-A5F3-726B26EFA55A}"
EndProject
Project("{FAE04EC0-301F-11D3-BF4B-00C04F79EFBC}") = "ChatClient.Service", "ChatClient.Service\ChatClient.Service.csproj", "{35B4E527-6487-4517-A930-EDD5E9DE6C8F}"
EndProject
Global
	GlobalSection(SolutionConfigurationPlatforms) = preSolution
		Debug|Any CPU = Debug|Any CPU
		Release|Any CPU = Release|Any CPU
	EndGlobalSection
	GlobalSection(ProjectConfigurationPlatforms) = postSolution
		{4C86C6FF-87DB-4751-82BE-41B6938C69C0}.Debug|Any CPU.ActiveCfg = Debug|Any CPU
		{4C86C6FF-87DB-4751-82BE-41B6938C69C0}.Debug|Any CPU.Build.0 = Debug|Any CPU
		{4C86C6FF-87DB-4751-82BE-41B6938C69C0}.Release|Any CPU.ActiveCfg = Release|Any CPU
		{4C86C6FF-87DB-4751-82BE-41B6938C69C0}.Release|Any CPU.Build.0 = Release|Any CPU
		{2307425A-3A79-4365-A5F3-726B26EFA55A}.Debug|Any CPU.ActiveCfg = Debug|Any CPU
		{2307425A-3A79-4365-A5F3-726B26EFA55A}.Debug|Any CPU.Build.0 = Debug|Any CPU
		{2307425A-3A79-4365-A5F3-726B26EFA55A}.Release|Any CPU.ActiveCfg = Release|Any CPU
		{2307425A-3A79-4365-A5F3-726B26EFA55A}.Release|Any CPU.Build.0 = Release|Any CPU
		{35B4E527-6487-4517-A930-EDD5E9DE6C8F}.Debug|Any CPU.ActiveCfg = Debug|Any CPU
		{35B4E527-6487-4517-A930-EDD5E9DE6C8F}.Debug|Any CPU.Build.0 = Debug|Any CPU
		{35B4E527-6487-4517-A930-EDD5E9DE6C8F}.Release|Any CPU.ActiveCfg = Release|Any CPU
		{35B4E527-6487-4517-A930-EDD5E9DE6C8F}.Release|Any CPU.Build.0 = Release|Any CPU
	EndGlobalSection
	GlobalSection(SolutionProperties) = preSolution
		HideSolutionNode = FALSE
	EndGlobalSection
	GlobalSection(ExtensibilityGlobals) = postSolution
		SolutionGuid = {B6D26EF4-5D75-4FE6-A126-A51FF243CF76}
	EndGlobalSection
EndGlobal
